
Microsoft Visual Studio Solution File, Format Version 12.00
# Visual Studio Version 17
VisualStudioVersion = 17.4.33110.190
MinimumVisualStudioVersion = 10.0.40219.1
Project("{FAE04EC0-301F-11D3-BF4B-00C04F79EFBC}") = "peliculas-backend", "peliculas-backend\peliculas-backend.csproj", "{7E62D00B-7273-47F9-BDDE-1C7D3254E7DF}"
EndProject
Global
	GlobalSection(SolutionConfigurationPlatforms) = preSolution
		Debug|Any CPU = Debug|Any CPU
		Release|Any CPU = Release|Any CPU
	EndGlobalSection
	GlobalSection(ProjectConfigurationPlatforms) = postSolution
		{7E62D00B-7273-47F9-BDDE-1C7D3254E7DF}.Debug|Any CPU.ActiveCfg = Debug|Any CPU
		{7E62D00B-7273-47F9-BDDE-1C7D3254E7DF}.Debug|Any CPU.Build.0 = Debug|Any CPU
		{7E62D00B-7273-47F9-BDDE-1C7D3254E7DF}.Release|Any CPU.ActiveCfg = Release|Any CPU
		{7E62D00B-7273-47F9-BDDE-1C7D3254E7DF}.Release|Any CPU.Build.0 = Release|Any CPU
	EndGlobalSection
	GlobalSection(SolutionProperties) = preSolution
		HideSolutionNode = FALSE
	EndGlobalSection
	GlobalSection(ExtensibilityGlobals) = postSolution
		SolutionGuid = {B047256F-873D-459E-A001-BC6326E60FEA}
	EndGlobalSection
EndGlobal
